
Microsoft Visual Studio Solution File, Format Version 12.00
# Visual Studio Version 17
VisualStudioVersion = 17.5.33502.453
MinimumVisualStudioVersion = 10.0.40219.1
Project("{888888A0-9F3D-457C-B088-3A5042F75D52}") = "spline_visual", "spline_visual\spline_visual.pyproj", "{4CEC5607-DA73-45C6-9A32-49ECDB9D18A4}"
EndProject
Global
	GlobalSection(SolutionConfigurationPlatforms) = preSolution
		Debug|Any CPU = Debug|Any CPU
		Release|Any CPU = Release|Any CPU
	EndGlobalSection
	GlobalSection(ProjectConfigurationPlatforms) = postSolution
		{4CEC5607-DA73-45C6-9A32-49ECDB9D18A4}.Debug|Any CPU.ActiveCfg = Debug|Any CPU
		{4CEC5607-DA73-45C6-9A32-49ECDB9D18A4}.Release|Any CPU.ActiveCfg = Release|Any CPU
	EndGlobalSection
	GlobalSection(SolutionProperties) = preSolution
		HideSolutionNode = FALSE
	EndGlobalSection
	GlobalSection(ExtensibilityGlobals) = postSolution
		SolutionGuid = {0BEFC946-8E51-4AEC-9DC5-A3D92B391CDD}
	EndGlobalSection
EndGlobal
