
Microsoft Visual Studio Solution File, Format Version 12.00
# Visual Studio Version 16
VisualStudioVersion = 16.0.30114.105
MinimumVisualStudioVersion = 10.0.40219.1
Project("{FAE04EC0-301F-11D3-BF4B-00C04F79EFBC}") = "Cryptographic_project2.0(EL Gamal)", "Cryptographic_project2.0(EL Gamal).csproj", "{FD625756-8287-42D6-B1E3-1497522B470E}"
EndProject
Global
	GlobalSection(SolutionConfigurationPlatforms) = preSolution
		Debug|Any CPU = Debug|Any CPU
		Release|Any CPU = Release|Any CPU
	EndGlobalSection
	GlobalSection(ProjectConfigurationPlatforms) = postSolution
		{FD625756-8287-42D6-B1E3-1497522B470E}.Debug|Any CPU.ActiveCfg = Debug|Any CPU
		{FD625756-8287-42D6-B1E3-1497522B470E}.Debug|Any CPU.Build.0 = Debug|Any CPU
		{FD625756-8287-42D6-B1E3-1497522B470E}.Release|Any CPU.ActiveCfg = Release|Any CPU
		{FD625756-8287-42D6-B1E3-1497522B470E}.Release|Any CPU.Build.0 = Release|Any CPU
	EndGlobalSection
	GlobalSection(SolutionProperties) = preSolution
		HideSolutionNode = FALSE
	EndGlobalSection
	GlobalSection(ExtensibilityGlobals) = postSolution
		SolutionGuid = {18EFEDC3-1936-4F64-B289-31CBBE7D3C9A}
	EndGlobalSection
EndGlobal
