
Microsoft Visual Studio Solution File, Format Version 12.00
# Visual Studio Version 16
VisualStudioVersion = 16.0.30114.105
MinimumVisualStudioVersion = 10.0.40219.1
Project("{8BC9CEB8-8B4A-11D0-8D11-00A0C91BC942}") = "Criptographic_project1", "Criptographic_project1.vcxproj", "{72ABABB4-B3E4-4188-AA08-8792947A48A9}"
EndProject
Global
	GlobalSection(SolutionConfigurationPlatforms) = preSolution
		Debug|x64 = Debug|x64
		Debug|x86 = Debug|x86
		Release|x64 = Release|x64
		Release|x86 = Release|x86
	EndGlobalSection
	GlobalSection(ProjectConfigurationPlatforms) = postSolution
		{72ABABB4-B3E4-4188-AA08-8792947A48A9}.Debug|x64.ActiveCfg = Debug|x64
		{72ABABB4-B3E4-4188-AA08-8792947A48A9}.Debug|x64.Build.0 = Debug|x64
		{72ABABB4-B3E4-4188-AA08-8792947A48A9}.Debug|x86.ActiveCfg = Debug|Win32
		{72ABABB4-B3E4-4188-AA08-8792947A48A9}.Debug|x86.Build.0 = Debug|Win32
		{72ABABB4-B3E4-4188-AA08-8792947A48A9}.Release|x64.ActiveCfg = Release|x64
		{72ABABB4-B3E4-4188-AA08-8792947A48A9}.Release|x64.Build.0 = Release|x64
		{72ABABB4-B3E4-4188-AA08-8792947A48A9}.Release|x86.ActiveCfg = Release|Win32
		{72ABABB4-B3E4-4188-AA08-8792947A48A9}.Release|x86.Build.0 = Release|Win32
	EndGlobalSection
	GlobalSection(SolutionProperties) = preSolution
		HideSolutionNode = FALSE
	EndGlobalSection
	GlobalSection(ExtensibilityGlobals) = postSolution
		SolutionGuid = {3FF7C050-4681-4A96-9A75-5C4BA54117A1}
	EndGlobalSection
EndGlobal
