
Microsoft Visual Studio Solution File, Format Version 12.00
# Visual Studio Version 16
VisualStudioVersion = 16.0.30114.105
MinimumVisualStudioVersion = 10.0.40219.1
Project("{8BC9CEB8-8B4A-11D0-8D11-00A0C91BC942}") = "Chat_client(OS_3)", "Chat_client(OS_3).vcxproj", "{536892D7-7C7E-409C-9772-664549857271}"
EndProject
Global
	GlobalSection(SolutionConfigurationPlatforms) = preSolution
		Debug|x64 = Debug|x64
		Debug|x86 = Debug|x86
		Release|x64 = Release|x64
		Release|x86 = Release|x86
	EndGlobalSection
	GlobalSection(ProjectConfigurationPlatforms) = postSolution
		{536892D7-7C7E-409C-9772-664549857271}.Debug|x64.ActiveCfg = Debug|x64
		{536892D7-7C7E-409C-9772-664549857271}.Debug|x64.Build.0 = Debug|x64
		{536892D7-7C7E-409C-9772-664549857271}.Debug|x86.ActiveCfg = Debug|Win32
		{536892D7-7C7E-409C-9772-664549857271}.Debug|x86.Build.0 = Debug|Win32
		{536892D7-7C7E-409C-9772-664549857271}.Release|x64.ActiveCfg = Release|x64
		{536892D7-7C7E-409C-9772-664549857271}.Release|x64.Build.0 = Release|x64
		{536892D7-7C7E-409C-9772-664549857271}.Release|x86.ActiveCfg = Release|Win32
		{536892D7-7C7E-409C-9772-664549857271}.Release|x86.Build.0 = Release|Win32
	EndGlobalSection
	GlobalSection(SolutionProperties) = preSolution
		HideSolutionNode = FALSE
	EndGlobalSection
	GlobalSection(ExtensibilityGlobals) = postSolution
		SolutionGuid = {6863FA2C-BDCF-4751-900A-8C79015E14F4}
	EndGlobalSection
EndGlobal
